// !$*UTF8*$!
{
	archiveVersion = 1;
	classes = {
	};
	objectVersion = 56;
	objects = {

/* Begin PBXBuildFile section */
		5F19BFE2297C176800D49909 /* CheckMeSliderUIKitAndSwiftApp.swift in Sources */ = {isa = PBXBuildFile; fileRef = 5F19BFE1297C176800D49909 /* CheckMeSliderUIKitAndSwiftApp.swift */; };
		5F19BFE4297C176800D49909 /* ContentView.swift in Sources */ = {isa = PBXBuildFile; fileRef = 5F19BFE3297C176800D49909 /* ContentView.swift */; };
		5F19BFE6297C176800D49909 /* Assets.xcassets in Resources */ = {isa = PBXBuildFile; fileRef = 5F19BFE5297C176800D49909 /* Assets.xcassets */; };
		5F19BFE9297C176800D49909 /* Preview Assets.xcassets in Resources */ = {isa = PBXBuildFile; fileRef = 5F19BFE8297C176800D49909 /* Preview Assets.xcassets */; };
		5F33D069297D6C9D00CE8F12 /* TargetValueView.swift in Sources */ = {isa = PBXBuildFile; fileRef = 5F33D068297D6C9D00CE8F12 /* TargetValueView.swift */; };
		5F33D06B297D6EA200CE8F12 /* ButtonView.swift in Sources */ = {isa = PBXBuildFile; fileRef = 5F33D06A297D6EA200CE8F12 /* ButtonView.swift */; };
		5F33D06D297D709E00CE8F12 /* SliderUIKit.swift in Sources */ = {isa = PBXBuildFile; fileRef = 5F33D06C297D709E00CE8F12 /* SliderUIKit.swift */; };
/* End PBXBuildFile section */

/* Begin PBXFileReference section */
		5F19BFDE297C176800D49909 /* CheckMeSliderUIKitAndSwift.app */ = {isa = PBXFileReference; explicitFileType = wrapper.application; includeInIndex = 0; path = CheckMeSliderUIKitAndSwift.app; sourceTree = BUILT_PRODUCTS_DIR; };
		5F19BFE1297C176800D49909 /* CheckMeSliderUIKitAndSwiftApp.swift */ = {isa = PBXFileReference; lastKnownFileType = sourcecode.swift; path = CheckMeSliderUIKitAndSwiftApp.swift; sourceTree = "<group>"; };
		5F19BFE3297C176800D49909 /* ContentView.swift */ = {isa = PBXFileReference; lastKnownFileType = sourcecode.swift; path = ContentView.swift; sourceTree = "<group>"; };
		5F19BFE5297C176800D49909 /* Assets.xcassets */ = {isa = PBXFileReference; lastKnownFileType = folder.assetcatalog; path = Assets.xcassets; sourceTree = "<group>"; };
		5F19BFE8297C176800D49909 /* Preview Assets.xcassets */ = {isa = PBXFileReference; lastKnownFileType = folder.assetcatalog; path = "Preview Assets.xcassets"; sourceTree = "<group>"; };
		5F33D068297D6C9D00CE8F12 /* TargetValueView.swift */ = {isa = PBXFileReference; lastKnownFileType = sourcecode.swift; path = TargetValueView.swift; sourceTree = "<group>"; };
		5F33D06A297D6EA200CE8F12 /* ButtonView.swift */ = {isa = PBXFileReference; lastKnownFileType = sourcecode.swift; path = ButtonView.swift; sourceTree = "<group>"; };
		5F33D06C297D709E00CE8F12 /* SliderUIKit.swift */ = {isa = PBXFileReference; lastKnownFileType = sourcecode.swift; path = SliderUIKit.swift; sourceTree = "<group>"; };
/* End PBXFileReference section */

/* Begin PBXFrameworksBuildPhase section */
		5F19BFDB297C176800D49909 /* Frameworks */ = {
			isa = PBXFrameworksBuildPhase;
			buildActionMask = 2147483647;
			files = (
			);
			runOnlyForDeploymentPostprocessing = 0;
		};
/* End PBXFrameworksBuildPhase section */

/* Begin PBXGroup section */
		5F19BFD5297C176800D49909 = {
			isa = PBXGroup;
			children = (
				5F19BFE0297C176800D49909 /* CheckMeSliderUIKitAndSwift */,
				5F19BFDF297C176800D49909 /* Products */,
			);
			sourceTree = "<group>";
		};
		5F19BFDF297C176800D49909 /* Products */ = {
			isa = PBXGroup;
			children = (
				5F19BFDE297C176800D49909 /* CheckMeSliderUIKitAndSwift.app */,
			);
			name = Products;
			sourceTree = "<group>";
		};
		5F19BFE0297C176800D49909 /* CheckMeSliderUIKitAndSwift */ = {
			isa = PBXGroup;
			children = (
				5F19BFE1297C176800D49909 /* CheckMeSliderUIKitAndSwiftApp.swift */,
				5F19BFE3297C176800D49909 /* ContentView.swift */,
				5F33D068297D6C9D00CE8F12 /* TargetValueView.swift */,
				5F33D06A297D6EA200CE8F12 /* ButtonView.swift */,
				5F33D06C297D709E00CE8F12 /* SliderUIKit.swift */,
				5F19BFE5297C176800D49909 /* Assets.xcassets */,
				5F19BFE7297C176800D49909 /* Preview Content */,
			);
			path = CheckMeSliderUIKitAndSwift;
			sourceTree = "<group>";
		};
		5F19BFE7297C176800D49909 /* Preview Content */ = {
			isa = PBXGroup;
			children = (
				5F19BFE8297C176800D49909 /* Preview Assets.xcassets */,
			);
			path = "Preview Content";
			sourceTree = "<group>";
		};
/* End PBXGroup section */

/* Begin PBXNativeTarget section */
		5F19BFDD297C176800D49909 /* CheckMeSliderUIKitAndSwift */ = {
			isa = PBXNativeTarget;
			buildConfigurationList = 5F19BFEC297C176800D49909 /* Build configuration list for PBXNativeTarget "CheckMeSliderUIKitAndSwift" */;
			buildPhases = (
				5F19BFDA297C176800D49909 /* Sources */,
				5F19BFDB297C176800D49909 /* Frameworks */,
				5F19BFDC297C176800D49909 /* Resources */,
			);
			buildRules = (
			);
			dependencies = (
			);
			name = CheckMeSliderUIKitAndSwift;
			productName = CheckMeSliderUIKitAndSwift;
			productReference = 5F19BFDE297C176800D49909 /* CheckMeSliderUIKitAndSwift.app */;
			productType = "com.apple.product-type.application";
		};
/* End PBXNativeTarget section */

/* Begin PBXProject section */
		5F19BFD6297C176800D49909 /* Project object */ = {
			isa = PBXProject;
			attributes = {
				BuildIndependentTargetsInParallel = 1;
				LastSwiftUpdateCheck = 1420;
				LastUpgradeCheck = 1420;
				TargetAttributes = {
					5F19BFDD297C176800D49909 = {
						CreatedOnToolsVersion = 14.2;
					};
				};
			};
			buildConfigurationList = 5F19BFD9297C176800D49909 /* Build configuration list for PBXProject "CheckMeSliderUIKitAndSwift" */;
			compatibilityVersion = "Xcode 14.0";
			developmentRegion = en;
			hasScannedForEncodings = 0;
			knownRegions = (
				en,
				Base,
			);
			mainGroup = 5F19BFD5297C176800D49909;
			productRefGroup = 5F19BFDF297C176800D49909 /* Products */;
			projectDirPath = "";
			projectRoot = "";
			targets = (
				5F19BFDD297C176800D49909 /* CheckMeSliderUIKitAndSwift */,
			);
		};
/* End PBXProject section */

/* Begin PBXResourcesBuildPhase section */
		5F19BFDC297C176800D49909 /* Resources */ = {
			isa = PBXResourcesBuildPhase;
			buildActionMask = 2147483647;
			files = (
				5F19BFE9297C176800D49909 /* Preview Assets.xcassets in Resources */,
				5F19BFE6297C176800D49909 /* Assets.xcassets in Resources */,
			);
			runOnlyForDeploymentPostprocessing = 0;
		};
/* End PBXResourcesBuildPhase section */

/* Begin PBXSourcesBuildPhase section */
		5F19BFDA297C176800D49909 /* Sources */ = {
			isa = PBXSourcesBuildPhase;
			buildActionMask = 2147483647;
			files = (
				5F33D06D297D709E00CE8F12 /* SliderUIKit.swift in Sources */,
				5F33D069297D6C9D00CE8F12 /* TargetValueView.swift in Sources */,
				5F19BFE4297C176800D49909 /* ContentView.swift in Sources */,
				5F33D06B297D6EA200CE8F12 /* ButtonView.swift in Sources */,
				5F19BFE2297C176800D49909 /* CheckMeSliderUIKitAndSwiftApp.swift in Sources */,
			);
			runOnlyForDeploymentPostprocessing = 0;
		};
/* End PBXSourcesBuildPhase section */

/* Begin XCBuildConfiguration section */
		5F19BFEA297C176800D49909 /* Debug */ = {
			isa = XCBuildConfiguration;
			buildSettings = {
				ALWAYS_SEARCH_USER_PATHS = NO;
				CLANG_ANALYZER_NONNULL = YES;
				CLANG_ANALYZER_NUMBER_OBJECT_CONVERSION = YES_AGGRESSIVE;
				CLANG_CXX_LANGUAGE_STANDARD = "gnu++20";
				CLANG_ENABLE_MODULES = YES;
				CLANG_ENABLE_OBJC_ARC = YES;
				CLANG_ENABLE_OBJC_WEAK = YES;
				CLANG_WARN_BLOCK_CAPTURE_AUTORELEASING = YES;
				CLANG_WARN_BOOL_CONVERSION = YES;
				CLANG_WARN_COMMA = YES;
				CLANG_WARN_CONSTANT_CONVERSION = YES;
				CLANG_WARN_DEPRECATED_OBJC_IMPLEMENTATIONS = YES;
				CLANG_WARN_DIRECT_OBJC_ISA_USAGE = YES_ERROR;
				CLANG_WARN_DOCUMENTATION_COMMENTS = YES;
				CLANG_WARN_EMPTY_BODY = YES;
				CLANG_WARN_ENUM_CONVERSION = YES;
				CLANG_WARN_INFINITE_RECURSION = YES;
				CLANG_WARN_INT_CONVERSION = YES;
				CLANG_WARN_NON_LITERAL_NULL_CONVERSION = YES;
				CLANG_WARN_OBJC_IMPLICIT_RETAIN_SELF = YES;
				CLANG_WARN_OBJC_LITERAL_CONVERSION = YES;
				CLANG_WARN_OBJC_ROOT_CLASS = YES_ERROR;
				CLANG_WARN_QUOTED_INCLUDE_IN_FRAMEWORK_HEADER = YES;
				CLANG_WARN_RANGE_LOOP_ANALYSIS = YES;
				CLANG_WARN_STRICT_PROTOTYPES = YES;
				CLANG_WARN_SUSPICIOUS_MOVE = YES;
				CLANG_WARN_UNGUARDED_AVAILABILITY = YES_AGGRESSIVE;
				CLANG_WARN_UNREACHABLE_CODE = YES;
				CLANG_WARN__DUPLICATE_METHOD_MATCH = YES;
				COPY_PHASE_STRIP = NO;
				DEBUG_INFORMATION_FORMAT = dwarf;
				ENABLE_STRICT_OBJC_MSGSEND = YES;
				ENABLE_TESTABILITY = YES;
				GCC_C_LANGUAGE_STANDARD = gnu11;
				GCC_DYNAMIC_NO_PIC = NO;
				GCC_NO_COMMON_BLOCKS = YES;
				GCC_OPTIMIZATION_LEVEL = 0;
				GCC_PREPROCESSOR_DEFINITIONS = (
					"DEBUG=1",
					"$(inherited)",
				);
				GCC_WARN_64_TO_32_BIT_CONVERSION = YES;
				GCC_WARN_ABOUT_RETURN_TYPE = YES_ERROR;
				GCC_WARN_UNDECLARED_SELECTOR = YES;
				GCC_WARN_UNINITIALIZED_AUTOS = YES_AGGRESSIVE;
				GCC_WARN_UNUSED_FUNCTION = YES;
				GCC_WARN_UNUSED_VARIABLE = YES;
				IPHONEOS_DEPLOYMENT_TARGET = 16.2;
				MTL_ENABLE_DEBUG_INFO = INCLUDE_SOURCE;
				MTL_FAST_MATH = YES;
				ONLY_ACTIVE_ARCH = YES;
				SDKROOT = iphoneos;
				SWIFT_ACTIVE_COMPILATION_CONDITIONS = DEBUG;
				SWIFT_OPTIMIZATION_LEVEL = "-Onone";
			};
			name = Debug;
		};
		5F19BFEB297C176800D49909 /* Release */ = {
			isa = XCBuildConfiguration;
			buildSettings = {
				ALWAYS_SEARCH_USER_PATHS = NO;
				CLANG_ANALYZER_NONNULL = YES;
				CLANG_ANALYZER_NUMBER_OBJECT_CONVERSION = YES_AGGRESSIVE;
				CLANG_CXX_LANGUAGE_STANDARD = "gnu++20";
				CLANG_ENABLE_MODULES = YES;
				CLANG_ENABLE_OBJC_ARC = YES;
				CLANG_ENABLE_OBJC_WEAK = YES;
				CLANG_WARN_BLOCK_CAPTURE_AUTORELEASING = YES;
				CLANG_WARN_BOOL_CONVERSION = YES;
				CLANG_WARN_COMMA = YES;
				CLANG_WARN_CONSTANT_CONVERSION = YES;
				CLANG_WARN_DEPRECATED_OBJC_IMPLEMENTATIONS = YES;
				CLANG_WARN_DIRECT_OBJC_ISA_USAGE = YES_ERROR;
				CLANG_WARN_DOCUMENTATION_COMMENTS = YES;
				CLANG_WARN_EMPTY_BODY = YES;
				CLANG_WARN_ENUM_CONVERSION = YES;
				CLANG_WARN_INFINITE_RECURSION = YES;
				CLANG_WARN_INT_CONVERSION = YES;
				CLANG_WARN_NON_LITERAL_NULL_CONVERSION = YES;
				CLANG_WARN_OBJC_IMPLICIT_RETAIN_SELF = YES;
				CLANG_WARN_OBJC_LITERAL_CONVERSION = YES;
				CLANG_WARN_OBJC_ROOT_CLASS = YES_ERROR;
				CLANG_WARN_QUOTED_INCLUDE_IN_FRAMEWORK_HEADER = YES;
				CLANG_WARN_RANGE_LOOP_ANALYSIS = YES;
				CLANG_WARN_STRICT_PROTOTYPES = YES;
				CLANG_WARN_SUSPICIOUS_MOVE = YES;
				CLANG_WARN_UNGUARDED_AVAILABILITY = YES_AGGRESSIVE;
				CLANG_WARN_UNREACHABLE_CODE = YES;
				CLANG_WARN__DUPLICATE_METHOD_MATCH = YES;
				COPY_PHASE_STRIP = NO;
				DEBUG_INFORMATION_FORMAT = "dwarf-with-dsym";
				ENABLE_NS_ASSERTIONS = NO;
				ENABLE_STRICT_OBJC_MSGSEND = YES;
				GCC_C_LANGUAGE_STANDARD = gnu11;
				GCC_NO_COMMON_BLOCKS = YES;
				GCC_WARN_64_TO_32_BIT_CONVERSION = YES;
				GCC_WARN_ABOUT_RETURN_TYPE = YES_ERROR;
				GCC_WARN_UNDECLARED_SELECTOR = YES;
				GCC_WARN_UNINITIALIZED_AUTOS = YES_AGGRESSIVE;
				GCC_WARN_UNUSED_FUNCTION = YES;
				GCC_WARN_UNUSED_VARIABLE = YES;
				IPHONEOS_DEPLOYMENT_TARGET = 16.2;
				MTL_ENABLE_DEBUG_INFO = NO;
				MTL_FAST_MATH = YES;
				SDKROOT = iphoneos;
				SWIFT_COMPILATION_MODE = wholemodule;
				SWIFT_OPTIMIZATION_LEVEL = "-O";
				VALIDATE_PRODUCT = YES;
			};
			name = Release;
		};
		5F19BFED297C176800D49909 /* Debug */ = {
			isa = XCBuildConfiguration;
			buildSettings = {
				ASSETCATALOG_COMPILER_APPICON_NAME = AppIcon;
				ASSETCATALOG_COMPILER_GLOBAL_ACCENT_COLOR_NAME = AccentColor;
				CODE_SIGN_STYLE = Automatic;
				CURRENT_PROJECT_VERSION = 1;
				DEVELOPMENT_ASSET_PATHS = "\"CheckMeSliderUIKitAndSwift/Preview Content\"";
				DEVELOPMENT_TEAM = 4RJ3J5RA5L;
				ENABLE_PREVIEWS = YES;
				GENERATE_INFOPLIST_FILE = YES;
				INFOPLIST_KEY_UIApplicationSceneManifest_Generation = YES;
				INFOPLIST_KEY_UIApplicationSupportsIndirectInputEvents = YES;
				INFOPLIST_KEY_UILaunchScreen_Generation = YES;
				INFOPLIST_KEY_UISupportedInterfaceOrientations_iPad = "UIInterfaceOrientationPortrait UIInterfaceOrientationPortraitUpsideDown UIInterfaceOrientationLandscapeLeft UIInterfaceOrientationLandscapeRight";
				INFOPLIST_KEY_UISupportedInterfaceOrientations_iPhone = "UIInterfaceOrientationPortrait UIInterfaceOrientationLandscapeLeft UIInterfaceOrientationLandscapeRight";
				LD_RUNPATH_SEARCH_PATHS = (
					"$(inherited)",
					"@executable_path/Frameworks",
				);
				MARKETING_VERSION = 1.0;
				PRODUCT_BUNDLE_IDENTIFIER = com.alishermalikov.CheckMeSliderUIKitAndSwift;
				PRODUCT_NAME = "$(TARGET_NAME)";
				SWIFT_EMIT_LOC_STRINGS = YES;
				SWIFT_VERSION = 5.0;
				TARGETED_DEVICE_FAMILY = "1,2";
			};
			name = Debug;
		};
		5F19BFEE297C176800D49909 /* Release */ = {
			isa = XCBuildConfiguration;
			buildSettings = {
				ASSETCATALOG_COMPILER_APPICON_NAME = AppIcon;
				ASSETCATALOG_COMPILER_GLOBAL_ACCENT_COLOR_NAME = AccentColor;
				CODE_SIGN_STYLE = Automatic;
				CURRENT_PROJECT_VERSION = 1;
				DEVELOPMENT_ASSET_PATHS = "\"CheckMeSliderUIKitAndSwift/Preview Content\"";
				DEVELOPMENT_TEAM = 4RJ3J5RA5L;
				ENABLE_PREVIEWS = YES;
				GENERATE_INFOPLIST_FILE = YES;
				INFOPLIST_KEY_UIApplicationSceneManifest_Generation = YES;
				INFOPLIST_KEY_UIApplicationSupportsIndirectInputEvents = YES;
				INFOPLIST_KEY_UILaunchScreen_Generation = YES;
				INFOPLIST_KEY_UISupportedInterfaceOrientations_iPad = "UIInterfaceOrientationPortrait UIInterfaceOrientationPortraitUpsideDown UIInterfaceOrientationLandscapeLeft UIInterfaceOrientationLandscapeRight";
				INFOPLIST_KEY_UISupportedInterfaceOrientations_iPhone = "UIInterfaceOrientationPortrait UIInterfaceOrientationLandscapeLeft UIInterfaceOrientationLandscapeRight";
				LD_RUNPATH_SEARCH_PATHS = (
					"$(inherited)",
					"@executable_path/Frameworks",
				);
				MARKETING_VERSION = 1.0;
				PRODUCT_BUNDLE_IDENTIFIER = com.alishermalikov.CheckMeSliderUIKitAndSwift;
				PRODUCT_NAME = "$(TARGET_NAME)";
				SWIFT_EMIT_LOC_STRINGS = YES;
				SWIFT_VERSION = 5.0;
				TARGETED_DEVICE_FAMILY = "1,2";
			};
			name = Release;
		};
/* End XCBuildConfiguration section */

/* Begin XCConfigurationList section */
		5F19BFD9297C176800D49909 /* Build configuration list for PBXProject "CheckMeSliderUIKitAndSwift" */ = {
			isa = XCConfigurationList;
			buildConfigurations = (
				5F19BFEA297C176800D49909 /* Debug */,
				5F19BFEB297C176800D49909 /* Release */,
			);
			defaultConfigurationIsVisible = 0;
			defaultConfigurationName = Release;
		};
		5F19BFEC297C176800D49909 /* Build configuration list for PBXNativeTarget "CheckMeSliderUIKitAndSwift" */ = {
			isa = XCConfigurationList;
			buildConfigurations = (
				5F19BFED297C176800D49909 /* Debug */,
				5F19BFEE297C176800D49909 /* Release */,
			);
			defaultConfigurationIsVisible = 0;
			defaultConfigurationName = Release;
		};
/* End XCConfigurationList section */
	};
	rootObject = 5F19BFD6297C176800D49909 /* Project object */;
}
